// !$*UTF8*$!
{
	archiveVersion = 1;
	classes = {
	};
	objectVersion = 50;
	objects = {

/* Begin PBXBuildFile section */
		368C385F21D88BFD004B3EB2 /* AppDelegate.swift in Sources */ = {isa = PBXBuildFile; fileRef = 368C385E21D88BFD004B3EB2 /* AppDelegate.swift */; };
		368C386121D88BFD004B3EB2 /* ViewController.swift in Sources */ = {isa = PBXBuildFile; fileRef = 368C386021D88BFD004B3EB2 /* ViewController.swift */; };
		368C386421D88BFD004B3EB2 /* Main.storyboard in Resources */ = {isa = PBXBuildFile; fileRef = 368C386221D88BFD004B3EB2 /* Main.storyboard */; };
		368C386621D88BFF004B3EB2 /* Assets.xcassets in Resources */ = {isa = PBXBuildFile; fileRef = 368C386521D88BFF004B3EB2 /* Assets.xcassets */; };
		368C386921D88BFF004B3EB2 /* LaunchScreen.storyboard in Resources */ = {isa = PBXBuildFile; fileRef = 368C386721D88BFF004B3EB2 /* LaunchScreen.storyboard */; };
		368C387421D88BFF004B3EB2 /* QReplaceTests.swift in Sources */ = {isa = PBXBuildFile; fileRef = 368C387321D88BFF004B3EB2 /* QReplaceTests.swift */; };
		368C387F21D88BFF004B3EB2 /* QReplaceUITests.swift in Sources */ = {isa = PBXBuildFile; fileRef = 368C387E21D88BFF004B3EB2 /* QReplaceUITests.swift */; };
/* End PBXBuildFile section */

/* Begin PBXContainerItemProxy section */
		368C387021D88BFF004B3EB2 /* PBXContainerItemProxy */ = {
			isa = PBXContainerItemProxy;
			containerPortal = 368C385321D88BFD004B3EB2 /* Project object */;
			proxyType = 1;
			remoteGlobalIDString = 368C385A21D88BFD004B3EB2;
			remoteInfo = QReplace;
		};
		368C387B21D88BFF004B3EB2 /* PBXContainerItemProxy */ = {
			isa = PBXContainerItemProxy;
			containerPortal = 368C385321D88BFD004B3EB2 /* Project object */;
			proxyType = 1;
			remoteGlobalIDString = 368C385A21D88BFD004B3EB2;
			remoteInfo = QReplace;
		};
/* End PBXContainerItemProxy section */

/* Begin PBXFileReference section */
		368C385B21D88BFD004B3EB2 /* QReplace.app */ = {isa = PBXFileReference; explicitFileType = wrapper.application; includeInIndex = 0; path = QReplace.app; sourceTree = BUILT_PRODUCTS_DIR; };
		368C385E21D88BFD004B3EB2 /* AppDelegate.swift */ = {isa = PBXFileReference; lastKnownFileType = sourcecode.swift; path = AppDelegate.swift; sourceTree = "<group>"; };
		368C386021D88BFD004B3EB2 /* ViewController.swift */ = {isa = PBXFileReference; lastKnownFileType = sourcecode.swift; path = ViewController.swift; sourceTree = "<group>"; };
		368C386321D88BFD004B3EB2 /* Base */ = {isa = PBXFileReference; lastKnownFileType = file.storyboard; name = Base; path = Base.lproj/Main.storyboard; sourceTree = "<group>"; };
		368C386521D88BFF004B3EB2 /* Assets.xcassets */ = {isa = PBXFileReference; lastKnownFileType = folder.assetcatalog; path = Assets.xcassets; sourceTree = "<group>"; };
		368C386821D88BFF004B3EB2 /* Base */ = {isa = PBXFileReference; lastKnownFileType = file.storyboard; name = Base; path = Base.lproj/LaunchScreen.storyboard; sourceTree = "<group>"; };
		368C386A21D88BFF004B3EB2 /* Info.plist */ = {isa = PBXFileReference; lastKnownFileType = text.plist.xml; path = Info.plist; sourceTree = "<group>"; };
		368C386F21D88BFF004B3EB2 /* QReplaceTests.xctest */ = {isa = PBXFileReference; explicitFileType = wrapper.cfbundle; includeInIndex = 0; path = QReplaceTests.xctest; sourceTree = BUILT_PRODUCTS_DIR; };
		368C387321D88BFF004B3EB2 /* QReplaceTests.swift */ = {isa = PBXFileReference; lastKnownFileType = sourcecode.swift; path = QReplaceTests.swift; sourceTree = "<group>"; };
		368C387521D88BFF004B3EB2 /* Info.plist */ = {isa = PBXFileReference; lastKnownFileType = text.plist.xml; path = Info.plist; sourceTree = "<group>"; };
		368C387A21D88BFF004B3EB2 /* QReplaceUITests.xctest */ = {isa = PBXFileReference; explicitFileType = wrapper.cfbundle; includeInIndex = 0; path = QReplaceUITests.xctest; sourceTree = BUILT_PRODUCTS_DIR; };
		368C387E21D88BFF004B3EB2 /* QReplaceUITests.swift */ = {isa = PBXFileReference; lastKnownFileType = sourcecode.swift; path = QReplaceUITests.swift; sourceTree = "<group>"; };
		368C388021D88BFF004B3EB2 /* Info.plist */ = {isa = PBXFileReference; lastKnownFileType = text.plist.xml; path = Info.plist; sourceTree = "<group>"; };
/* End PBXFileReference section */

/* Begin PBXFrameworksBuildPhase section */
		368C385821D88BFD004B3EB2 /* Frameworks */ = {
			isa = PBXFrameworksBuildPhase;
			buildActionMask = 2147483647;
			files = (
			);
			runOnlyForDeploymentPostprocessing = 0;
		};
		368C386C21D88BFF004B3EB2 /* Frameworks */ = {
			isa = PBXFrameworksBuildPhase;
			buildActionMask = 2147483647;
			files = (
			);
			runOnlyForDeploymentPostprocessing = 0;
		};
		368C387721D88BFF004B3EB2 /* Frameworks */ = {
			isa = PBXFrameworksBuildPhase;
			buildActionMask = 2147483647;
			files = (
			);
			runOnlyForDeploymentPostprocessing = 0;
		};
/* End PBXFrameworksBuildPhase section */

/* Begin PBXGroup section */
		368C385221D88BFD004B3EB2 = {
			isa = PBXGroup;
			children = (
				368C385D21D88BFD004B3EB2 /* QReplace */,
				368C387221D88BFF004B3EB2 /* QReplaceTests */,
				368C387D21D88BFF004B3EB2 /* QReplaceUITests */,
				368C385C21D88BFD004B3EB2 /* Products */,
			);
			sourceTree = "<group>";
		};
		368C385C21D88BFD004B3EB2 /* Products */ = {
			isa = PBXGroup;
			children = (
				368C385B21D88BFD004B3EB2 /* QReplace.app */,
				368C386F21D88BFF004B3EB2 /* QReplaceTests.xctest */,
				368C387A21D88BFF004B3EB2 /* QReplaceUITests.xctest */,
			);
			name = Products;
			sourceTree = "<group>";
		};
		368C385D21D88BFD004B3EB2 /* QReplace */ = {
			isa = PBXGroup;
			children = (
				368C385E21D88BFD004B3EB2 /* AppDelegate.swift */,
				368C386021D88BFD004B3EB2 /* ViewController.swift */,
				368C386221D88BFD004B3EB2 /* Main.storyboard */,
				368C386521D88BFF004B3EB2 /* Assets.xcassets */,
				368C386721D88BFF004B3EB2 /* LaunchScreen.storyboard */,
				368C386A21D88BFF004B3EB2 /* Info.plist */,
			);
			path = QReplace;
			sourceTree = "<group>";
		};
		368C387221D88BFF004B3EB2 /* QReplaceTests */ = {
			isa = PBXGroup;
			children = (
				368C387321D88BFF004B3EB2 /* QReplaceTests.swift */,
				368C387521D88BFF004B3EB2 /* Info.plist */,
			);
			path = QReplaceTests;
			sourceTree = "<group>";
		};
		368C387D21D88BFF004B3EB2 /* QReplaceUITests */ = {
			isa = PBXGroup;
			children = (
				368C387E21D88BFF004B3EB2 /* QReplaceUITests.swift */,
				368C388021D88BFF004B3EB2 /* Info.plist */,
			);
			path = QReplaceUITests;
			sourceTree = "<group>";
		};
/* End PBXGroup section */

/* Begin PBXNativeTarget section */
		368C385A21D88BFD004B3EB2 /* QReplace */ = {
			isa = PBXNativeTarget;
			buildConfigurationList = 368C388321D88BFF004B3EB2 /* Build configuration list for PBXNativeTarget "QReplace" */;
			buildPhases = (
				368C385721D88BFD004B3EB2 /* Sources */,
				368C385821D88BFD004B3EB2 /* Frameworks */,
				368C385921D88BFD004B3EB2 /* Resources */,
			);
			buildRules = (
			);
			dependencies = (
			);
			name = QReplace;
			productName = QReplace;
			productReference = 368C385B21D88BFD004B3EB2 /* QReplace.app */;
			productType = "com.apple.product-type.application";
		};
		368C386E21D88BFF004B3EB2 /* QReplaceTests */ = {
			isa = PBXNativeTarget;
			buildConfigurationList = 368C388621D88BFF004B3EB2 /* Build configuration list for PBXNativeTarget "QReplaceTests" */;
			buildPhases = (
				368C386B21D88BFF004B3EB2 /* Sources */,
				368C386C21D88BFF004B3EB2 /* Frameworks */,
				368C386D21D88BFF004B3EB2 /* Resources */,
			);
			buildRules = (
			);
			dependencies = (
				368C387121D88BFF004B3EB2 /* PBXTargetDependency */,
			);
			name = QReplaceTests;
			productName = QReplaceTests;
			productReference = 368C386F21D88BFF004B3EB2 /* QReplaceTests.xctest */;
			productType = "com.apple.product-type.bundle.unit-test";
		};
		368C387921D88BFF004B3EB2 /* QReplaceUITests */ = {
			isa = PBXNativeTarget;
			buildConfigurationList = 368C388921D88BFF004B3EB2 /* Build configuration list for PBXNativeTarget "QReplaceUITests" */;
			buildPhases = (
				368C387621D88BFF004B3EB2 /* Sources */,
				368C387721D88BFF004B3EB2 /* Frameworks */,
				368C387821D88BFF004B3EB2 /* Resources */,
			);
			buildRules = (
			);
			dependencies = (
				368C387C21D88BFF004B3EB2 /* PBXTargetDependency */,
			);
			name = QReplaceUITests;
			productName = QReplaceUITests;
			productReference = 368C387A21D88BFF004B3EB2 /* QReplaceUITests.xctest */;
			productType = "com.apple.product-type.bundle.ui-testing";
		};
/* End PBXNativeTarget section */

/* Begin PBXProject section */
		368C385321D88BFD004B3EB2 /* Project object */ = {
			isa = PBXProject;
			attributes = {
				LastSwiftUpdateCheck = 1010;
				LastUpgradeCheck = 1010;
				ORGANIZATIONNAME = "Tyler Angert";
				TargetAttributes = {
					368C385A21D88BFD004B3EB2 = {
						CreatedOnToolsVersion = 10.1;
					};
					368C386E21D88BFF004B3EB2 = {
						CreatedOnToolsVersion = 10.1;
						TestTargetID = 368C385A21D88BFD004B3EB2;
					};
					368C387921D88BFF004B3EB2 = {
						CreatedOnToolsVersion = 10.1;
						TestTargetID = 368C385A21D88BFD004B3EB2;
					};
				};
			};
			buildConfigurationList = 368C385621D88BFD004B3EB2 /* Build configuration list for PBXProject "QReplace" */;
			compatibilityVersion = "Xcode 9.3";
			developmentRegion = en;
			hasScannedForEncodings = 0;
			knownRegions = (
				en,
				Base,
			);
			mainGroup = 368C385221D88BFD004B3EB2;
			productRefGroup = 368C385C21D88BFD004B3EB2 /* Products */;
			projectDirPath = "";
			projectRoot = "";
			targets = (
				368C385A21D88BFD004B3EB2 /* QReplace */,
				368C386E21D88BFF004B3EB2 /* QReplaceTests */,
				368C387921D88BFF004B3EB2 /* QReplaceUITests */,
			);
		};
/* End PBXProject section */

/* Begin PBXResourcesBuildPhase section */
		368C385921D88BFD004B3EB2 /* Resources */ = {
			isa = PBXResourcesBuildPhase;
			buildActionMask = 2147483647;
			files = (
				368C386921D88BFF004B3EB2 /* LaunchScreen.storyboard in Resources */,
				368C386621D88BFF004B3EB2 /* Assets.xcassets in Resources */,
				368C386421D88BFD004B3EB2 /* Main.storyboard in Resources */,
			);
			runOnlyForDeploymentPostprocessing = 0;
		};
		368C386D21D88BFF004B3EB2 /* Resources */ = {
			isa = PBXResourcesBuildPhase;
			buildActionMask = 2147483647;
			files = (
			);
			runOnlyForDeploymentPostprocessing = 0;
		};
		368C387821D88BFF004B3EB2 /* Resources */ = {
			isa = PBXResourcesBuildPhase;
			buildActionMask = 2147483647;
			files = (
			);
			runOnlyForDeploymentPostprocessing = 0;
		};
/* End PBXResourcesBuildPhase section */

/* Begin PBXSourcesBuildPhase section */
		368C385721D88BFD004B3EB2 /* Sources */ = {
			isa = PBXSourcesBuildPhase;
			buildActionMask = 2147483647;
			files = (
				368C386121D88BFD004B3EB2 /* ViewController.swift in Sources */,
				368C385F21D88BFD004B3EB2 /* AppDelegate.swift in Sources */,
			);
			runOnlyForDeploymentPostprocessing = 0;
		};
		368C386B21D88BFF004B3EB2 /* Sources */ = {
			isa = PBXSourcesBuildPhase;
			buildActionMask = 2147483647;
			files = (
				368C387421D88BFF004B3EB2 /* QReplaceTests.swift in Sources */,
			);
			runOnlyForDeploymentPostprocessing = 0;
		};
		368C387621D88BFF004B3EB2 /* Sources */ = {
			isa = PBXSourcesBuildPhase;
			buildActionMask = 2147483647;
			files = (
				368C387F21D88BFF004B3EB2 /* QReplaceUITests.swift in Sources */,
			);
			runOnlyForDeploymentPostprocessing = 0;
		};
/* End PBXSourcesBuildPhase section */

/* Begin PBXTargetDependency section */
		368C387121D88BFF004B3EB2 /* PBXTargetDependency */ = {
			isa = PBXTargetDependency;
			target = 368C385A21D88BFD004B3EB2 /* QReplace */;
			targetProxy = 368C387021D88BFF004B3EB2 /* PBXContainerItemProxy */;
		};
		368C387C21D88BFF004B3EB2 /* PBXTargetDependency */ = {
			isa = PBXTargetDependency;
			target = 368C385A21D88BFD004B3EB2 /* QReplace */;
			targetProxy = 368C387B21D88BFF004B3EB2 /* PBXContainerItemProxy */;
		};
/* End PBXTargetDependency section */

/* Begin PBXVariantGroup section */
		368C386221D88BFD004B3EB2 /* Main.storyboard */ = {
			isa = PBXVariantGroup;
			children = (
				368C386321D88BFD004B3EB2 /* Base */,
			);
			name = Main.storyboard;
			sourceTree = "<group>";
		};
		368C386721D88BFF004B3EB2 /* LaunchScreen.storyboard */ = {
			isa = PBXVariantGroup;
			children = (
				368C386821D88BFF004B3EB2 /* Base */,
			);
			name = LaunchScreen.storyboard;
			sourceTree = "<group>";
		};
/* End PBXVariantGroup section */

/* Begin XCBuildConfiguration section */
		368C388121D88BFF004B3EB2 /* Debug */ = {
			isa = XCBuildConfiguration;
			buildSettings = {
				ALWAYS_SEARCH_USER_PATHS = NO;
				CLANG_ANALYZER_NONNULL = YES;
				CLANG_ANALYZER_NUMBER_OBJECT_CONVERSION = YES_AGGRESSIVE;
				CLANG_CXX_LANGUAGE_STANDARD = "gnu++14";
				CLANG_CXX_LIBRARY = "libc++";
				CLANG_ENABLE_MODULES = YES;
				CLANG_ENABLE_OBJC_ARC = YES;
				CLANG_ENABLE_OBJC_WEAK = YES;
				CLANG_WARN_BLOCK_CAPTURE_AUTORELEASING = YES;
				CLANG_WARN_BOOL_CONVERSION = YES;
				CLANG_WARN_COMMA = YES;
				CLANG_WARN_CONSTANT_CONVERSION = YES;
				CLANG_WARN_DEPRECATED_OBJC_IMPLEMENTATIONS = YES;
				CLANG_WARN_DIRECT_OBJC_ISA_USAGE = YES_ERROR;
				CLANG_WARN_DOCUMENTATION_COMMENTS = YES;
				CLANG_WARN_EMPTY_BODY = YES;
				CLANG_WARN_ENUM_CONVERSION = YES;
				CLANG_WARN_INFINITE_RECURSION = YES;
				CLANG_WARN_INT_CONVERSION = YES;
				CLANG_WARN_NON_LITERAL_NULL_CONVERSION = YES;
				CLANG_WARN_OBJC_IMPLICIT_RETAIN_SELF = YES;
				CLANG_WARN_OBJC_LITERAL_CONVERSION = YES;
				CLANG_WARN_OBJC_ROOT_CLASS = YES_ERROR;
				CLANG_WARN_RANGE_LOOP_ANALYSIS = YES;
				CLANG_WARN_STRICT_PROTOTYPES = YES;
				CLANG_WARN_SUSPICIOUS_MOVE = YES;
				CLANG_WARN_UNGUARDED_AVAILABILITY = YES_AGGRESSIVE;
				CLANG_WARN_UNREACHABLE_CODE = YES;
				CLANG_WARN__DUPLICATE_METHOD_MATCH = YES;
				CODE_SIGN_IDENTITY = "iPhone Developer";
				COPY_PHASE_STRIP = NO;
				DEBUG_INFORMATION_FORMAT = dwarf;
				ENABLE_STRICT_OBJC_MSGSEND = YES;
				ENABLE_TESTABILITY = YES;
				GCC_C_LANGUAGE_STANDARD = gnu11;
				GCC_DYNAMIC_NO_PIC = NO;
				GCC_NO_COMMON_BLOCKS = YES;
				GCC_OPTIMIZATION_LEVEL = 0;
				GCC_PREPROCESSOR_DEFINITIONS = (
					"DEBUG=1",
					"$(inherited)",
				);
				GCC_WARN_64_TO_32_BIT_CONVERSION = YES;
				GCC_WARN_ABOUT_RETURN_TYPE = YES_ERROR;
				GCC_WARN_UNDECLARED_SELECTOR = YES;
				GCC_WARN_UNINITIALIZED_AUTOS = YES_AGGRESSIVE;
				GCC_WARN_UNUSED_FUNCTION = YES;
				GCC_WARN_UNUSED_VARIABLE = YES;
				IPHONEOS_DEPLOYMENT_TARGET = 12.1;
				MTL_ENABLE_DEBUG_INFO = INCLUDE_SOURCE;
				MTL_FAST_MATH = YES;
				ONLY_ACTIVE_ARCH = YES;
				SDKROOT = iphoneos;
				SWIFT_ACTIVE_COMPILATION_CONDITIONS = DEBUG;
				SWIFT_OPTIMIZATION_LEVEL = "-Onone";
			};
			name = Debug;
		};
		368C388221D88BFF004B3EB2 /* Release */ = {
			isa = XCBuildConfiguration;
			buildSettings = {
				ALWAYS_SEARCH_USER_PATHS = NO;
				CLANG_ANALYZER_NONNULL = YES;
				CLANG_ANALYZER_NUMBER_OBJECT_CONVERSION = YES_AGGRESSIVE;
				CLANG_CXX_LANGUAGE_STANDARD = "gnu++14";
				CLANG_CXX_LIBRARY = "libc++";
				CLANG_ENABLE_MODULES = YES;
				CLANG_ENABLE_OBJC_ARC = YES;
				CLANG_ENABLE_OBJC_WEAK = YES;
				CLANG_WARN_BLOCK_CAPTURE_AUTORELEASING = YES;
				CLANG_WARN_BOOL_CONVERSION = YES;
				CLANG_WARN_COMMA = YES;
				CLANG_WARN_CONSTANT_CONVERSION = YES;
				CLANG_WARN_DEPRECATED_OBJC_IMPLEMENTATIONS = YES;
				CLANG_WARN_DIRECT_OBJC_ISA_USAGE = YES_ERROR;
				CLANG_WARN_DOCUMENTATION_COMMENTS = YES;
				CLANG_WARN_EMPTY_BODY = YES;
				CLANG_WARN_ENUM_CONVERSION = YES;
				CLANG_WARN_INFINITE_RECURSION = YES;
				CLANG_WARN_INT_CONVERSION = YES;
				CLANG_WARN_NON_LITERAL_NULL_CONVERSION = YES;
				CLANG_WARN_OBJC_IMPLICIT_RETAIN_SELF = YES;
				CLANG_WARN_OBJC_LITERAL_CONVERSION = YES;
				CLANG_WARN_OBJC_ROOT_CLASS = YES_ERROR;
				CLANG_WARN_RANGE_LOOP_ANALYSIS = YES;
				CLANG_WARN_STRICT_PROTOTYPES = YES;
				CLANG_WARN_SUSPICIOUS_MOVE = YES;
				CLANG_WARN_UNGUARDED_AVAILABILITY = YES_AGGRESSIVE;
				CLANG_WARN_UNREACHABLE_CODE = YES;
				CLANG_WARN__DUPLICATE_METHOD_MATCH = YES;
				CODE_SIGN_IDENTITY = "iPhone Developer";
				COPY_PHASE_STRIP = NO;
				DEBUG_INFORMATION_FORMAT = "dwarf-with-dsym";
				ENABLE_NS_ASSERTIONS = NO;
				ENABLE_STRICT_OBJC_MSGSEND = YES;
				GCC_C_LANGUAGE_STANDARD = gnu11;
				GCC_NO_COMMON_BLOCKS = YES;
				GCC_WARN_64_TO_32_BIT_CONVERSION = YES;
				GCC_WARN_ABOUT_RETURN_TYPE = YES_ERROR;
				GCC_WARN_UNDECLARED_SELECTOR = YES;
				GCC_WARN_UNINITIALIZED_AUTOS = YES_AGGRESSIVE;
				GCC_WARN_UNUSED_FUNCTION = YES;
				GCC_WARN_UNUSED_VARIABLE = YES;
				IPHONEOS_DEPLOYMENT_TARGET = 12.1;
				MTL_ENABLE_DEBUG_INFO = NO;
				MTL_FAST_MATH = YES;
				SDKROOT = iphoneos;
				SWIFT_COMPILATION_MODE = wholemodule;
				SWIFT_OPTIMIZATION_LEVEL = "-O";
				VALIDATE_PRODUCT = YES;
			};
			name = Release;
		};
		368C388421D88BFF004B3EB2 /* Debug */ = {
			isa = XCBuildConfiguration;
			buildSettings = {
				ASSETCATALOG_COMPILER_APPICON_NAME = AppIcon;
				CODE_SIGN_STYLE = Automatic;
				DEVELOPMENT_TEAM = 8TWVWBQE3T;
				INFOPLIST_FILE = QReplace/Info.plist;
				LD_RUNPATH_SEARCH_PATHS = (
					"$(inherited)",
					"@executable_path/Frameworks",
				);
				PRODUCT_BUNDLE_IDENTIFIER = tangert.QReplace;
				PRODUCT_NAME = "$(TARGET_NAME)";
				SWIFT_VERSION = 4.2;
				TARGETED_DEVICE_FAMILY = "1,2";
			};
			name = Debug;
		};
		368C388521D88BFF004B3EB2 /* Release */ = {
			isa = XCBuildConfiguration;
			buildSettings = {
				ASSETCATALOG_COMPILER_APPICON_NAME = AppIcon;
				CODE_SIGN_STYLE = Automatic;
				DEVELOPMENT_TEAM = 8TWVWBQE3T;
				INFOPLIST_FILE = QReplace/Info.plist;
				LD_RUNPATH_SEARCH_PATHS = (
					"$(inherited)",
					"@executable_path/Frameworks",
				);
				PRODUCT_BUNDLE_IDENTIFIER = tangert.QReplace;
				PRODUCT_NAME = "$(TARGET_NAME)";
				SWIFT_VERSION = 4.2;
				TARGETED_DEVICE_FAMILY = "1,2";
			};
			name = Release;
		};
		368C388721D88BFF004B3EB2 /* Debug */ = {
			isa = XCBuildConfiguration;
			buildSettings = {
				ALWAYS_EMBED_SWIFT_STANDARD_LIBRARIES = YES;
				BUNDLE_LOADER = "$(TEST_HOST)";
				CODE_SIGN_STYLE = Automatic;
				DEVELOPMENT_TEAM = 8TWVWBQE3T;
				INFOPLIST_FILE = QReplaceTests/Info.plist;
				LD_RUNPATH_SEARCH_PATHS = (
					"$(inherited)",
					"@executable_path/Frameworks",
					"@loader_path/Frameworks",
				);
				PRODUCT_BUNDLE_IDENTIFIER = tangert.QReplaceTests;
				PRODUCT_NAME = "$(TARGET_NAME)";
				SWIFT_VERSION = 4.2;
				TARGETED_DEVICE_FAMILY = "1,2";
				TEST_HOST = "$(BUILT_PRODUCTS_DIR)/QReplace.app/QReplace";
			};
			name = Debug;
		};
		368C388821D88BFF004B3EB2 /* Release */ = {
			isa = XCBuildConfiguration;
			buildSettings = {
				ALWAYS_EMBED_SWIFT_STANDARD_LIBRARIES = YES;
				BUNDLE_LOADER = "$(TEST_HOST)";
				CODE_SIGN_STYLE = Automatic;
				DEVELOPMENT_TEAM = 8TWVWBQE3T;
				INFOPLIST_FILE = QReplaceTests/Info.plist;
				LD_RUNPATH_SEARCH_PATHS = (
					"$(inherited)",
					"@executable_path/Frameworks",
					"@loader_path/Frameworks",
				);
				PRODUCT_BUNDLE_IDENTIFIER = tangert.QReplaceTests;
				PRODUCT_NAME = "$(TARGET_NAME)";
				SWIFT_VERSION = 4.2;
				TARGETED_DEVICE_FAMILY = "1,2";
				TEST_HOST = "$(BUILT_PRODUCTS_DIR)/QReplace.app/QReplace";
			};
			name = Release;
		};
		368C388A21D88BFF004B3EB2 /* Debug */ = {
			isa = XCBuildConfiguration;
			buildSettings = {
				ALWAYS_EMBED_SWIFT_STANDARD_LIBRARIES = YES;
				CODE_SIGN_STYLE = Automatic;
				DEVELOPMENT_TEAM = 8TWVWBQE3T;
				INFOPLIST_FILE = QReplaceUITests/Info.plist;
				LD_RUNPATH_SEARCH_PATHS = (
					"$(inherited)",
					"@executable_path/Frameworks",
					"@loader_path/Frameworks",
				);
				PRODUCT_BUNDLE_IDENTIFIER = tangert.QReplaceUITests;
				PRODUCT_NAME = "$(TARGET_NAME)";
				SWIFT_VERSION = 4.2;
				TARGETED_DEVICE_FAMILY = "1,2";
				TEST_TARGET_NAME = QReplace;
			};
			name = Debug;
		};
		368C388B21D88BFF004B3EB2 /* Release */ = {
			isa = XCBuildConfiguration;
			buildSettings = {
				ALWAYS_EMBED_SWIFT_STANDARD_LIBRARIES = YES;
				CODE_SIGN_STYLE = Automatic;
				DEVELOPMENT_TEAM = 8TWVWBQE3T;
				INFOPLIST_FILE = QReplaceUITests/Info.plist;
				LD_RUNPATH_SEARCH_PATHS = (
					"$(inherited)",
					"@executable_path/Frameworks",
					"@loader_path/Frameworks",
				);
				PRODUCT_BUNDLE_IDENTIFIER = tangert.QReplaceUITests;
				PRODUCT_NAME = "$(TARGET_NAME)";
				SWIFT_VERSION = 4.2;
				TARGETED_DEVICE_FAMILY = "1,2";
				TEST_TARGET_NAME = QReplace;
			};
			name = Release;
		};
/* End XCBuildConfiguration section */

/* Begin XCConfigurationList section */
		368C385621D88BFD004B3EB2 /* Build configuration list for PBXProject "QReplace" */ = {
			isa = XCConfigurationList;
			buildConfigurations = (
				368C388121D88BFF004B3EB2 /* Debug */,
				368C388221D88BFF004B3EB2 /* Release */,
			);
			defaultConfigurationIsVisible = 0;
			defaultConfigurationName = Release;
		};
		368C388321D88BFF004B3EB2 /* Build configuration list for PBXNativeTarget "QReplace" */ = {
			isa = XCConfigurationList;
			buildConfigurations = (
				368C388421D88BFF004B3EB2 /* Debug */,
				368C388521D88BFF004B3EB2 /* Release */,
			);
			defaultConfigurationIsVisible = 0;
			defaultConfigurationName = Release;
		};
		368C388621D88BFF004B3EB2 /* Build configuration list for PBXNativeTarget "QReplaceTests" */ = {
			isa = XCConfigurationList;
			buildConfigurations = (
				368C388721D88BFF004B3EB2 /* Debug */,
				368C388821D88BFF004B3EB2 /* Release */,
			);
			defaultConfigurationIsVisible = 0;
			defaultConfigurationName = Release;
		};
		368C388921D88BFF004B3EB2 /* Build configuration list for PBXNativeTarget "QReplaceUITests" */ = {
			isa = XCConfigurationList;
			buildConfigurations = (
				368C388A21D88BFF004B3EB2 /* Debug */,
				368C388B21D88BFF004B3EB2 /* Release */,
			);
			defaultConfigurationIsVisible = 0;
			defaultConfigurationName = Release;
		};
/* End XCConfigurationList section */
	};
	rootObject = 368C385321D88BFD004B3EB2 /* Project object */;
}
